# This file was autogenerated by Stack.
# You should not edit this file by hand.
# For more information, please see the documentation at:
#   https://docs.haskellstack.org/en/stable/lock_files

packages:
- completed:
    hackage: morpheus-graphql-0.5.0@sha256:c301b02806a0d72e77ac479370a0db38a5b394b032db266a38d30237a962a085,22314
    pantry-tree:
      size: 31221
      sha256: 0a7dc0f4b1753a4b3c6df47316fa142acddc835a7ddd4dcb5a0e9db5849802ea
  original:
    hackage: morpheus-graphql-0.5.0
snapshots:
- completed:
    size: 524789
    url: https://raw.githubusercontent.com/commercialhaskell/stackage-snapshots/master/lts/14/8.yaml
    sha256: 8af5eb80734f02621d37e82cc0cde614af2ddc9c320610acb0b1b6d9ac162930
  original: lts-14.8
