# This file was autogenerated by Stack.
# You should not edit this file by hand.
# For more information, please see the documentation at:
#   https://docs.haskellstack.org/en/stable/lock_files

packages:
- completed:
    hackage: morpheus-graphql-0.7.0@sha256:5a91c9ef753d089512d8e00a9fefcc3290ab3b0345f9279920a5d37d6ffc66e8,21020
    pantry-tree:
      size: 30418
      sha256: a2cf5eecf0327f7dacfa6c83da6fec6bfdbaa989365c31fbb2a9ffd0c95ffa74
  original:
    hackage: morpheus-graphql-0.7.0
snapshots:
- completed:
    size: 524789
    url: https://raw.githubusercontent.com/commercialhaskell/stackage-snapshots/master/lts/14/8.yaml
    sha256: 8af5eb80734f02621d37e82cc0cde614af2ddc9c320610acb0b1b6d9ac162930
  original: lts-14.8
